// !$*UTF8*$!
{
	archiveVersion = 1;
	classes = {
	};
	objectVersion = 46;
	objects = {

/* Begin PBXBuildFile section */
		9ACEC76B1F8CC5B200D0FF18 /* AppDelegate.swift in Sources */ = {isa = PBXBuildFile; fileRef = 9ACEC76A1F8CC5B200D0FF18 /* AppDelegate.swift */; };
		9ACEC76D1F8CC5B200D0FF18 /* ViewController.swift in Sources */ = {isa = PBXBuildFile; fileRef = 9ACEC76C1F8CC5B200D0FF18 /* ViewController.swift */; };
		9ACEC7701F8CC5B200D0FF18 /* Main.storyboard in Resources */ = {isa = PBXBuildFile; fileRef = 9ACEC76E1F8CC5B200D0FF18 /* Main.storyboard */; };
		9ACEC7721F8CC5B200D0FF18 /* Assets.xcassets in Resources */ = {isa = PBXBuildFile; fileRef = 9ACEC7711F8CC5B200D0FF18 /* Assets.xcassets */; };
		9ACEC7751F8CC5B200D0FF18 /* LaunchScreen.storyboard in Resources */ = {isa = PBXBuildFile; fileRef = 9ACEC7731F8CC5B200D0FF18 /* LaunchScreen.storyboard */; };
		9ACEC7801F8CC5B300D0FF18 /* Rotate_ImageTests.swift in Sources */ = {isa = PBXBuildFile; fileRef = 9ACEC77F1F8CC5B300D0FF18 /* Rotate_ImageTests.swift */; };
		9ACEC78B1F8CC5B300D0FF18 /* Rotate_ImageUITests.swift in Sources */ = {isa = PBXBuildFile; fileRef = 9ACEC78A1F8CC5B300D0FF18 /* Rotate_ImageUITests.swift */; };
		9ACEC7991F8CC5E000D0FF18 /* Bass_logo.png in Resources */ = {isa = PBXBuildFile; fileRef = 9ACEC7981F8CC5E000D0FF18 /* Bass_logo.png */; };
/* End PBXBuildFile section */

/* Begin PBXContainerItemProxy section */
		9ACEC77C1F8CC5B200D0FF18 /* PBXContainerItemProxy */ = {
			isa = PBXContainerItemProxy;
			containerPortal = 9ACEC75F1F8CC5B200D0FF18 /* Project object */;
			proxyType = 1;
			remoteGlobalIDString = 9ACEC7661F8CC5B200D0FF18;
			remoteInfo = "Rotate Image";
		};
		9ACEC7871F8CC5B300D0FF18 /* PBXContainerItemProxy */ = {
			isa = PBXContainerItemProxy;
			containerPortal = 9ACEC75F1F8CC5B200D0FF18 /* Project object */;
			proxyType = 1;
			remoteGlobalIDString = 9ACEC7661F8CC5B200D0FF18;
			remoteInfo = "Rotate Image";
		};
/* End PBXContainerItemProxy section */

/* Begin PBXFileReference section */
		9ACEC7671F8CC5B200D0FF18 /* Rotate Image.app */ = {isa = PBXFileReference; explicitFileType = wrapper.application; includeInIndex = 0; path = "Rotate Image.app"; sourceTree = BUILT_PRODUCTS_DIR; };
		9ACEC76A1F8CC5B200D0FF18 /* AppDelegate.swift */ = {isa = PBXFileReference; lastKnownFileType = sourcecode.swift; path = AppDelegate.swift; sourceTree = "<group>"; };
		9ACEC76C1F8CC5B200D0FF18 /* ViewController.swift */ = {isa = PBXFileReference; lastKnownFileType = sourcecode.swift; path = ViewController.swift; sourceTree = "<group>"; };
		9ACEC76F1F8CC5B200D0FF18 /* Base */ = {isa = PBXFileReference; lastKnownFileType = file.storyboard; name = Base; path = Base.lproj/Main.storyboard; sourceTree = "<group>"; };
		9ACEC7711F8CC5B200D0FF18 /* Assets.xcassets */ = {isa = PBXFileReference; lastKnownFileType = folder.assetcatalog; path = Assets.xcassets; sourceTree = "<group>"; };
		9ACEC7741F8CC5B200D0FF18 /* Base */ = {isa = PBXFileReference; lastKnownFileType = file.storyboard; name = Base; path = Base.lproj/LaunchScreen.storyboard; sourceTree = "<group>"; };
		9ACEC7761F8CC5B200D0FF18 /* Info.plist */ = {isa = PBXFileReference; lastKnownFileType = text.plist.xml; path = Info.plist; sourceTree = "<group>"; };
		9ACEC77B1F8CC5B200D0FF18 /* Rotate ImageTests.xctest */ = {isa = PBXFileReference; explicitFileType = wrapper.cfbundle; includeInIndex = 0; path = "Rotate ImageTests.xctest"; sourceTree = BUILT_PRODUCTS_DIR; };
		9ACEC77F1F8CC5B300D0FF18 /* Rotate_ImageTests.swift */ = {isa = PBXFileReference; lastKnownFileType = sourcecode.swift; path = Rotate_ImageTests.swift; sourceTree = "<group>"; };
		9ACEC7811F8CC5B300D0FF18 /* Info.plist */ = {isa = PBXFileReference; lastKnownFileType = text.plist.xml; path = Info.plist; sourceTree = "<group>"; };
		9ACEC7861F8CC5B300D0FF18 /* Rotate ImageUITests.xctest */ = {isa = PBXFileReference; explicitFileType = wrapper.cfbundle; includeInIndex = 0; path = "Rotate ImageUITests.xctest"; sourceTree = BUILT_PRODUCTS_DIR; };
		9ACEC78A1F8CC5B300D0FF18 /* Rotate_ImageUITests.swift */ = {isa = PBXFileReference; lastKnownFileType = sourcecode.swift; path = Rotate_ImageUITests.swift; sourceTree = "<group>"; };
		9ACEC78C1F8CC5B300D0FF18 /* Info.plist */ = {isa = PBXFileReference; lastKnownFileType = text.plist.xml; path = Info.plist; sourceTree = "<group>"; };
		9ACEC7981F8CC5E000D0FF18 /* Bass_logo.png */ = {isa = PBXFileReference; lastKnownFileType = image.png; path = Bass_logo.png; sourceTree = "<group>"; };
/* End PBXFileReference section */

/* Begin PBXFrameworksBuildPhase section */
		9ACEC7641F8CC5B200D0FF18 /* Frameworks */ = {
			isa = PBXFrameworksBuildPhase;
			buildActionMask = 2147483647;
			files = (
			);
			runOnlyForDeploymentPostprocessing = 0;
		};
		9ACEC7781F8CC5B200D0FF18 /* Frameworks */ = {
			isa = PBXFrameworksBuildPhase;
			buildActionMask = 2147483647;
			files = (
			);
			runOnlyForDeploymentPostprocessing = 0;
		};
		9ACEC7831F8CC5B300D0FF18 /* Frameworks */ = {
			isa = PBXFrameworksBuildPhase;
			buildActionMask = 2147483647;
			files = (
			);
			runOnlyForDeploymentPostprocessing = 0;
		};
/* End PBXFrameworksBuildPhase section */

/* Begin PBXGroup section */
		9ACEC75E1F8CC5B200D0FF18 = {
			isa = PBXGroup;
			children = (
				9ACEC7691F8CC5B200D0FF18 /* Rotate Image */,
				9ACEC77E1F8CC5B300D0FF18 /* Rotate ImageTests */,
				9ACEC7891F8CC5B300D0FF18 /* Rotate ImageUITests */,
				9ACEC7681F8CC5B200D0FF18 /* Products */,
			);
			sourceTree = "<group>";
		};
		9ACEC7681F8CC5B200D0FF18 /* Products */ = {
			isa = PBXGroup;
			children = (
				9ACEC7671F8CC5B200D0FF18 /* Rotate Image.app */,
				9ACEC77B1F8CC5B200D0FF18 /* Rotate ImageTests.xctest */,
				9ACEC7861F8CC5B300D0FF18 /* Rotate ImageUITests.xctest */,
			);
			name = Products;
			sourceTree = "<group>";
		};
		9ACEC7691F8CC5B200D0FF18 /* Rotate Image */ = {
			isa = PBXGroup;
			children = (
				9ACEC7981F8CC5E000D0FF18 /* Bass_logo.png */,
				9ACEC76A1F8CC5B200D0FF18 /* AppDelegate.swift */,
				9ACEC76C1F8CC5B200D0FF18 /* ViewController.swift */,
				9ACEC76E1F8CC5B200D0FF18 /* Main.storyboard */,
				9ACEC7711F8CC5B200D0FF18 /* Assets.xcassets */,
				9ACEC7731F8CC5B200D0FF18 /* LaunchScreen.storyboard */,
				9ACEC7761F8CC5B200D0FF18 /* Info.plist */,
			);
			path = "Rotate Image";
			sourceTree = "<group>";
		};
		9ACEC77E1F8CC5B300D0FF18 /* Rotate ImageTests */ = {
			isa = PBXGroup;
			children = (
				9ACEC77F1F8CC5B300D0FF18 /* Rotate_ImageTests.swift */,
				9ACEC7811F8CC5B300D0FF18 /* Info.plist */,
			);
			path = "Rotate ImageTests";
			sourceTree = "<group>";
		};
		9ACEC7891F8CC5B300D0FF18 /* Rotate ImageUITests */ = {
			isa = PBXGroup;
			children = (
				9ACEC78A1F8CC5B300D0FF18 /* Rotate_ImageUITests.swift */,
				9ACEC78C1F8CC5B300D0FF18 /* Info.plist */,
			);
			path = "Rotate ImageUITests";
			sourceTree = "<group>";
		};
/* End PBXGroup section */

/* Begin PBXNativeTarget section */
		9ACEC7661F8CC5B200D0FF18 /* Rotate Image */ = {
			isa = PBXNativeTarget;
			buildConfigurationList = 9ACEC78F1F8CC5B300D0FF18 /* Build configuration list for PBXNativeTarget "Rotate Image" */;
			buildPhases = (
				9ACEC7631F8CC5B200D0FF18 /* Sources */,
				9ACEC7641F8CC5B200D0FF18 /* Frameworks */,
				9ACEC7651F8CC5B200D0FF18 /* Resources */,
			);
			buildRules = (
			);
			dependencies = (
			);
			name = "Rotate Image";
			productName = "Rotate Image";
			productReference = 9ACEC7671F8CC5B200D0FF18 /* Rotate Image.app */;
			productType = "com.apple.product-type.application";
		};
		9ACEC77A1F8CC5B200D0FF18 /* Rotate ImageTests */ = {
			isa = PBXNativeTarget;
			buildConfigurationList = 9ACEC7921F8CC5B300D0FF18 /* Build configuration list for PBXNativeTarget "Rotate ImageTests" */;
			buildPhases = (
				9ACEC7771F8CC5B200D0FF18 /* Sources */,
				9ACEC7781F8CC5B200D0FF18 /* Frameworks */,
				9ACEC7791F8CC5B200D0FF18 /* Resources */,
			);
			buildRules = (
			);
			dependencies = (
				9ACEC77D1F8CC5B200D0FF18 /* PBXTargetDependency */,
			);
			name = "Rotate ImageTests";
			productName = "Rotate ImageTests";
			productReference = 9ACEC77B1F8CC5B200D0FF18 /* Rotate ImageTests.xctest */;
			productType = "com.apple.product-type.bundle.unit-test";
		};
		9ACEC7851F8CC5B300D0FF18 /* Rotate ImageUITests */ = {
			isa = PBXNativeTarget;
			buildConfigurationList = 9ACEC7951F8CC5B300D0FF18 /* Build configuration list for PBXNativeTarget "Rotate ImageUITests" */;
			buildPhases = (
				9ACEC7821F8CC5B300D0FF18 /* Sources */,
				9ACEC7831F8CC5B300D0FF18 /* Frameworks */,
				9ACEC7841F8CC5B300D0FF18 /* Resources */,
			);
			buildRules = (
			);
			dependencies = (
				9ACEC7881F8CC5B300D0FF18 /* PBXTargetDependency */,
			);
			name = "Rotate ImageUITests";
			productName = "Rotate ImageUITests";
			productReference = 9ACEC7861F8CC5B300D0FF18 /* Rotate ImageUITests.xctest */;
			productType = "com.apple.product-type.bundle.ui-testing";
		};
/* End PBXNativeTarget section */

/* Begin PBXProject section */
		9ACEC75F1F8CC5B200D0FF18 /* Project object */ = {
			isa = PBXProject;
			attributes = {
				LastSwiftUpdateCheck = 0830;
				LastUpgradeCheck = 0830;
				ORGANIZATIONNAME = "Rizki Syaputra";
				TargetAttributes = {
					9ACEC7661F8CC5B200D0FF18 = {
						CreatedOnToolsVersion = 8.3;
						ProvisioningStyle = Automatic;
					};
					9ACEC77A1F8CC5B200D0FF18 = {
						CreatedOnToolsVersion = 8.3;
						ProvisioningStyle = Automatic;
						TestTargetID = 9ACEC7661F8CC5B200D0FF18;
					};
					9ACEC7851F8CC5B300D0FF18 = {
						CreatedOnToolsVersion = 8.3;
						ProvisioningStyle = Automatic;
						TestTargetID = 9ACEC7661F8CC5B200D0FF18;
					};
				};
			};
			buildConfigurationList = 9ACEC7621F8CC5B200D0FF18 /* Build configuration list for PBXProject "Rotate Image" */;
			compatibilityVersion = "Xcode 3.2";
			developmentRegion = English;
			hasScannedForEncodings = 0;
			knownRegions = (
				en,
				Base,
			);
			mainGroup = 9ACEC75E1F8CC5B200D0FF18;
			productRefGroup = 9ACEC7681F8CC5B200D0FF18 /* Products */;
			projectDirPath = "";
			projectRoot = "";
			targets = (
				9ACEC7661F8CC5B200D0FF18 /* Rotate Image */,
				9ACEC77A1F8CC5B200D0FF18 /* Rotate ImageTests */,
				9ACEC7851F8CC5B300D0FF18 /* Rotate ImageUITests */,
			);
		};
/* End PBXProject section */

/* Begin PBXResourcesBuildPhase section */
		9ACEC7651F8CC5B200D0FF18 /* Resources */ = {
			isa = PBXResourcesBuildPhase;
			buildActionMask = 2147483647;
			files = (
				9ACEC7751F8CC5B200D0FF18 /* LaunchScreen.storyboard in Resources */,
				9ACEC7991F8CC5E000D0FF18 /* Bass_logo.png in Resources */,
				9ACEC7721F8CC5B200D0FF18 /* Assets.xcassets in Resources */,
				9ACEC7701F8CC5B200D0FF18 /* Main.storyboard in Resources */,
			);
			runOnlyForDeploymentPostprocessing = 0;
		};
		9ACEC7791F8CC5B200D0FF18 /* Resources */ = {
			isa = PBXResourcesBuildPhase;
			buildActionMask = 2147483647;
			files = (
			);
			runOnlyForDeploymentPostprocessing = 0;
		};
		9ACEC7841F8CC5B300D0FF18 /* Resources */ = {
			isa = PBXResourcesBuildPhase;
			buildActionMask = 2147483647;
			files = (
			);
			runOnlyForDeploymentPostprocessing = 0;
		};
/* End PBXResourcesBuildPhase section */

/* Begin PBXSourcesBuildPhase section */
		9ACEC7631F8CC5B200D0FF18 /* Sources */ = {
			isa = PBXSourcesBuildPhase;
			buildActionMask = 2147483647;
			files = (
				9ACEC76D1F8CC5B200D0FF18 /* ViewController.swift in Sources */,
				9ACEC76B1F8CC5B200D0FF18 /* AppDelegate.swift in Sources */,
			);
			runOnlyForDeploymentPostprocessing = 0;
		};
		9ACEC7771F8CC5B200D0FF18 /* Sources */ = {
			isa = PBXSourcesBuildPhase;
			buildActionMask = 2147483647;
			files = (
				9ACEC7801F8CC5B300D0FF18 /* Rotate_ImageTests.swift in Sources */,
			);
			runOnlyForDeploymentPostprocessing = 0;
		};
		9ACEC7821F8CC5B300D0FF18 /* Sources */ = {
			isa = PBXSourcesBuildPhase;
			buildActionMask = 2147483647;
			files = (
				9ACEC78B1F8CC5B300D0FF18 /* Rotate_ImageUITests.swift in Sources */,
			);
			runOnlyForDeploymentPostprocessing = 0;
		};
/* End PBXSourcesBuildPhase section */

/* Begin PBXTargetDependency section */
		9ACEC77D1F8CC5B200D0FF18 /* PBXTargetDependency */ = {
			isa = PBXTargetDependency;
			target = 9ACEC7661F8CC5B200D0FF18 /* Rotate Image */;
			targetProxy = 9ACEC77C1F8CC5B200D0FF18 /* PBXContainerItemProxy */;
		};
		9ACEC7881F8CC5B300D0FF18 /* PBXTargetDependency */ = {
			isa = PBXTargetDependency;
			target = 9ACEC7661F8CC5B200D0FF18 /* Rotate Image */;
			targetProxy = 9ACEC7871F8CC5B300D0FF18 /* PBXContainerItemProxy */;
		};
/* End PBXTargetDependency section */

/* Begin PBXVariantGroup section */
		9ACEC76E1F8CC5B200D0FF18 /* Main.storyboard */ = {
			isa = PBXVariantGroup;
			children = (
				9ACEC76F1F8CC5B200D0FF18 /* Base */,
			);
			name = Main.storyboard;
			sourceTree = "<group>";
		};
		9ACEC7731F8CC5B200D0FF18 /* LaunchScreen.storyboard */ = {
			isa = PBXVariantGroup;
			children = (
				9ACEC7741F8CC5B200D0FF18 /* Base */,
			);
			name = LaunchScreen.storyboard;
			sourceTree = "<group>";
		};
/* End PBXVariantGroup section */

/* Begin XCBuildConfiguration section */
		9ACEC78D1F8CC5B300D0FF18 /* Debug */ = {
			isa = XCBuildConfiguration;
			buildSettings = {
				ALWAYS_SEARCH_USER_PATHS = NO;
				CLANG_ANALYZER_NONNULL = YES;
				CLANG_ANALYZER_NUMBER_OBJECT_CONVERSION = YES_AGGRESSIVE;
				CLANG_CXX_LANGUAGE_STANDARD = "gnu++0x";
				CLANG_CXX_LIBRARY = "libc++";
				CLANG_ENABLE_MODULES = YES;
				CLANG_ENABLE_OBJC_ARC = YES;
				CLANG_WARN_BOOL_CONVERSION = YES;
				CLANG_WARN_CONSTANT_CONVERSION = YES;
				CLANG_WARN_DIRECT_OBJC_ISA_USAGE = YES_ERROR;
				CLANG_WARN_DOCUMENTATION_COMMENTS = YES;
				CLANG_WARN_EMPTY_BODY = YES;
				CLANG_WARN_ENUM_CONVERSION = YES;
				CLANG_WARN_INFINITE_RECURSION = YES;
				CLANG_WARN_INT_CONVERSION = YES;
				CLANG_WARN_OBJC_ROOT_CLASS = YES_ERROR;
				CLANG_WARN_SUSPICIOUS_MOVE = YES;
				CLANG_WARN_UNREACHABLE_CODE = YES;
				CLANG_WARN__DUPLICATE_METHOD_MATCH = YES;
				"CODE_SIGN_IDENTITY[sdk=iphoneos*]" = "iPhone Developer";
				COPY_PHASE_STRIP = NO;
				DEBUG_INFORMATION_FORMAT = dwarf;
				ENABLE_STRICT_OBJC_MSGSEND = YES;
				ENABLE_TESTABILITY = YES;
				GCC_C_LANGUAGE_STANDARD = gnu99;
				GCC_DYNAMIC_NO_PIC = NO;
				GCC_NO_COMMON_BLOCKS = YES;
				GCC_OPTIMIZATION_LEVEL = 0;
				GCC_PREPROCESSOR_DEFINITIONS = (
					"DEBUG=1",
					"$(inherited)",
				);
				GCC_WARN_64_TO_32_BIT_CONVERSION = YES;
				GCC_WARN_ABOUT_RETURN_TYPE = YES_ERROR;
				GCC_WARN_UNDECLARED_SELECTOR = YES;
				GCC_WARN_UNINITIALIZED_AUTOS = YES_AGGRESSIVE;
				GCC_WARN_UNUSED_FUNCTION = YES;
				GCC_WARN_UNUSED_VARIABLE = YES;
				IPHONEOS_DEPLOYMENT_TARGET = 10.3;
				MTL_ENABLE_DEBUG_INFO = YES;
				ONLY_ACTIVE_ARCH = YES;
				SDKROOT = iphoneos;
				SWIFT_ACTIVE_COMPILATION_CONDITIONS = DEBUG;
				SWIFT_OPTIMIZATION_LEVEL = "-Onone";
				TARGETED_DEVICE_FAMILY = "1,2";
			};
			name = Debug;
		};
		9ACEC78E1F8CC5B300D0FF18 /* Release */ = {
			isa = XCBuildConfiguration;
			buildSettings = {
				ALWAYS_SEARCH_USER_PATHS = NO;
				CLANG_ANALYZER_NONNULL = YES;
				CLANG_ANALYZER_NUMBER_OBJECT_CONVERSION = YES_AGGRESSIVE;
				CLANG_CXX_LANGUAGE_STANDARD = "gnu++0x";
				CLANG_CXX_LIBRARY = "libc++";
				CLANG_ENABLE_MODULES = YES;
				CLANG_ENABLE_OBJC_ARC = YES;
				CLANG_WARN_BOOL_CONVERSION = YES;
				CLANG_WARN_CONSTANT_CONVERSION = YES;
				CLANG_WARN_DIRECT_OBJC_ISA_USAGE = YES_ERROR;
				CLANG_WARN_DOCUMENTATION_COMMENTS = YES;
				CLANG_WARN_EMPTY_BODY = YES;
				CLANG_WARN_ENUM_CONVERSION = YES;
				CLANG_WARN_INFINITE_RECURSION = YES;
				CLANG_WARN_INT_CONVERSION = YES;
				CLANG_WARN_OBJC_ROOT_CLASS = YES_ERROR;
				CLANG_WARN_SUSPICIOUS_MOVE = YES;
				CLANG_WARN_UNREACHABLE_CODE = YES;
				CLANG_WARN__DUPLICATE_METHOD_MATCH = YES;
				"CODE_SIGN_IDENTITY[sdk=iphoneos*]" = "iPhone Developer";
				COPY_PHASE_STRIP = NO;
				DEBUG_INFORMATION_FORMAT = "dwarf-with-dsym";
				ENABLE_NS_ASSERTIONS = NO;
				ENABLE_STRICT_OBJC_MSGSEND = YES;
				GCC_C_LANGUAGE_STANDARD = gnu99;
				GCC_NO_COMMON_BLOCKS = YES;
				GCC_WARN_64_TO_32_BIT_CONVERSION = YES;
				GCC_WARN_ABOUT_RETURN_TYPE = YES_ERROR;
				GCC_WARN_UNDECLARED_SELECTOR = YES;
				GCC_WARN_UNINITIALIZED_AUTOS = YES_AGGRESSIVE;
				GCC_WARN_UNUSED_FUNCTION = YES;
				GCC_WARN_UNUSED_VARIABLE = YES;
				IPHONEOS_DEPLOYMENT_TARGET = 10.3;
				MTL_ENABLE_DEBUG_INFO = NO;
				SDKROOT = iphoneos;
				SWIFT_OPTIMIZATION_LEVEL = "-Owholemodule";
				TARGETED_DEVICE_FAMILY = "1,2";
				VALIDATE_PRODUCT = YES;
			};
			name = Release;
		};
		9ACEC7901F8CC5B300D0FF18 /* Debug */ = {
			isa = XCBuildConfiguration;
			buildSettings = {
				ASSETCATALOG_COMPILER_APPICON_NAME = AppIcon;
				INFOPLIST_FILE = "Rotate Image/Info.plist";
				LD_RUNPATH_SEARCH_PATHS = "$(inherited) @executable_path/Frameworks";
				PRODUCT_BUNDLE_IDENTIFIER = "programmermuslim.Rotate-Image";
				PRODUCT_NAME = "$(TARGET_NAME)";
				SWIFT_VERSION = 3.0;
			};
			name = Debug;
		};
		9ACEC7911F8CC5B300D0FF18 /* Release */ = {
			isa = XCBuildConfiguration;
			buildSettings = {
				ASSETCATALOG_COMPILER_APPICON_NAME = AppIcon;
				INFOPLIST_FILE = "Rotate Image/Info.plist";
				LD_RUNPATH_SEARCH_PATHS = "$(inherited) @executable_path/Frameworks";
				PRODUCT_BUNDLE_IDENTIFIER = "programmermuslim.Rotate-Image";
				PRODUCT_NAME = "$(TARGET_NAME)";
				SWIFT_VERSION = 3.0;
			};
			name = Release;
		};
		9ACEC7931F8CC5B300D0FF18 /* Debug */ = {
			isa = XCBuildConfiguration;
			buildSettings = {
				ALWAYS_EMBED_SWIFT_STANDARD_LIBRARIES = YES;
				BUNDLE_LOADER = "$(TEST_HOST)";
				INFOPLIST_FILE = "Rotate ImageTests/Info.plist";
				LD_RUNPATH_SEARCH_PATHS = "$(inherited) @executable_path/Frameworks @loader_path/Frameworks";
				PRODUCT_BUNDLE_IDENTIFIER = "programmermuslim.Rotate-ImageTests";
				PRODUCT_NAME = "$(TARGET_NAME)";
				SWIFT_VERSION = 3.0;
				TEST_HOST = "$(BUILT_PRODUCTS_DIR)/Rotate Image.app/Rotate Image";
			};
			name = Debug;
		};
		9ACEC7941F8CC5B300D0FF18 /* Release */ = {
			isa = XCBuildConfiguration;
			buildSettings = {
				ALWAYS_EMBED_SWIFT_STANDARD_LIBRARIES = YES;
				BUNDLE_LOADER = "$(TEST_HOST)";
				INFOPLIST_FILE = "Rotate ImageTests/Info.plist";
				LD_RUNPATH_SEARCH_PATHS = "$(inherited) @executable_path/Frameworks @loader_path/Frameworks";
				PRODUCT_BUNDLE_IDENTIFIER = "programmermuslim.Rotate-ImageTests";
				PRODUCT_NAME = "$(TARGET_NAME)";
				SWIFT_VERSION = 3.0;
				TEST_HOST = "$(BUILT_PRODUCTS_DIR)/Rotate Image.app/Rotate Image";
			};
			name = Release;
		};
		9ACEC7961F8CC5B300D0FF18 /* Debug */ = {
			isa = XCBuildConfiguration;
			buildSettings = {
				ALWAYS_EMBED_SWIFT_STANDARD_LIBRARIES = YES;
				INFOPLIST_FILE = "Rotate ImageUITests/Info.plist";
				LD_RUNPATH_SEARCH_PATHS = "$(inherited) @executable_path/Frameworks @loader_path/Frameworks";
				PRODUCT_BUNDLE_IDENTIFIER = "programmermuslim.Rotate-ImageUITests";
				PRODUCT_NAME = "$(TARGET_NAME)";
				SWIFT_VERSION = 3.0;
				TEST_TARGET_NAME = "Rotate Image";
			};
			name = Debug;
		};
		9ACEC7971F8CC5B300D0FF18 /* Release */ = {
			isa = XCBuildConfiguration;
			buildSettings = {
				ALWAYS_EMBED_SWIFT_STANDARD_LIBRARIES = YES;
				INFOPLIST_FILE = "Rotate ImageUITests/Info.plist";
				LD_RUNPATH_SEARCH_PATHS = "$(inherited) @executable_path/Frameworks @loader_path/Frameworks";
				PRODUCT_BUNDLE_IDENTIFIER = "programmermuslim.Rotate-ImageUITests";
				PRODUCT_NAME = "$(TARGET_NAME)";
				SWIFT_VERSION = 3.0;
				TEST_TARGET_NAME = "Rotate Image";
			};
			name = Release;
		};
/* End XCBuildConfiguration section */

/* Begin XCConfigurationList section */
		9ACEC7621F8CC5B200D0FF18 /* Build configuration list for PBXProject "Rotate Image" */ = {
			isa = XCConfigurationList;
			buildConfigurations = (
				9ACEC78D1F8CC5B300D0FF18 /* Debug */,
				9ACEC78E1F8CC5B300D0FF18 /* Release */,
			);
			defaultConfigurationIsVisible = 0;
			defaultConfigurationName = Release;
		};
		9ACEC78F1F8CC5B300D0FF18 /* Build configuration list for PBXNativeTarget "Rotate Image" */ = {
			isa = XCConfigurationList;
			buildConfigurations = (
				9ACEC7901F8CC5B300D0FF18 /* Debug */,
				9ACEC7911F8CC5B300D0FF18 /* Release */,
			);
			defaultConfigurationIsVisible = 0;
		};
		9ACEC7921F8CC5B300D0FF18 /* Build configuration list for PBXNativeTarget "Rotate ImageTests" */ = {
			isa = XCConfigurationList;
			buildConfigurations = (
				9ACEC7931F8CC5B300D0FF18 /* Debug */,
				9ACEC7941F8CC5B300D0FF18 /* Release */,
			);
			defaultConfigurationIsVisible = 0;
		};
		9ACEC7951F8CC5B300D0FF18 /* Build configuration list for PBXNativeTarget "Rotate ImageUITests" */ = {
			isa = XCConfigurationList;
			buildConfigurations = (
				9ACEC7961F8CC5B300D0FF18 /* Debug */,
				9ACEC7971F8CC5B300D0FF18 /* Release */,
			);
			defaultConfigurationIsVisible = 0;
		};
/* End XCConfigurationList section */
	};
	rootObject = 9ACEC75F1F8CC5B200D0FF18 /* Project object */;
}
